
Microsoft Visual Studio Solution File, Format Version 12.00
Project("{2150E333-8FDC-42A3-9474-1A3956D46DE8}") = "src", "src", "{7D879DCD-CF2C-4D55-8F65-BC00F7F869DB}"
EndProject
Project("{FAE04EC0-301F-11D3-BF4B-00C04F79EFBC}") = "Program", "Program\Program.csproj", "{DD532B02-2D71-4A00-A212-6E7A9914BC5B}"
EndProject
Project("{FAE04EC0-301F-11D3-BF4B-00C04F79EFBC}") = "Library", "Library\Library.csproj", "{3956E7EA-4930-4E45-9A74-576391B62BB0}"
EndProject
Project("{2150E333-8FDC-42A3-9474-1A3956D46DE8}") = "docs", "docs", "{1D3AE3A5-25AB-406B-8F9C-C16F8FACB79E}"
	ProjectSection(SolutionItems) = preProject
		Tarjetas CRC.png = Tarjetas CRC.png
		UML.png..png = UML.png..png
	EndProjectSection
EndProject
Project("{2150E333-8FDC-42A3-9474-1A3956D46DE8}") = "test", "test", "{EDA18C37-90DF-4C8F-BF8C-F54483506C21}"
EndProject
Project("{FAE04EC0-301F-11D3-BF4B-00C04F79EFBC}") = "LibraryTests", "LibraryTests\LibraryTests.csproj", "{EDE1C3D8-14DB-4004-BB58-4E5544A9AD47}"
EndProject
Global
	GlobalSection(SolutionConfigurationPlatforms) = preSolution
		Debug|Any CPU = Debug|Any CPU
		Release|Any CPU = Release|Any CPU
	EndGlobalSection
	GlobalSection(ProjectConfigurationPlatforms) = postSolution
		{DD532B02-2D71-4A00-A212-6E7A9914BC5B}.Debug|Any CPU.ActiveCfg = Debug|Any CPU
		{DD532B02-2D71-4A00-A212-6E7A9914BC5B}.Debug|Any CPU.Build.0 = Debug|Any CPU
		{DD532B02-2D71-4A00-A212-6E7A9914BC5B}.Release|Any CPU.ActiveCfg = Release|Any CPU
		{DD532B02-2D71-4A00-A212-6E7A9914BC5B}.Release|Any CPU.Build.0 = Release|Any CPU
		{3956E7EA-4930-4E45-9A74-576391B62BB0}.Debug|Any CPU.ActiveCfg = Debug|Any CPU
		{3956E7EA-4930-4E45-9A74-576391B62BB0}.Debug|Any CPU.Build.0 = Debug|Any CPU
		{3956E7EA-4930-4E45-9A74-576391B62BB0}.Release|Any CPU.ActiveCfg = Release|Any CPU
		{3956E7EA-4930-4E45-9A74-576391B62BB0}.Release|Any CPU.Build.0 = Release|Any CPU
		{EDE1C3D8-14DB-4004-BB58-4E5544A9AD47}.Debug|Any CPU.ActiveCfg = Debug|Any CPU
		{EDE1C3D8-14DB-4004-BB58-4E5544A9AD47}.Debug|Any CPU.Build.0 = Debug|Any CPU
		{EDE1C3D8-14DB-4004-BB58-4E5544A9AD47}.Release|Any CPU.ActiveCfg = Release|Any CPU
		{EDE1C3D8-14DB-4004-BB58-4E5544A9AD47}.Release|Any CPU.Build.0 = Release|Any CPU
	EndGlobalSection
	GlobalSection(NestedProjects) = preSolution
		{DD532B02-2D71-4A00-A212-6E7A9914BC5B} = {7D879DCD-CF2C-4D55-8F65-BC00F7F869DB}
		{3956E7EA-4930-4E45-9A74-576391B62BB0} = {7D879DCD-CF2C-4D55-8F65-BC00F7F869DB}
		{EDE1C3D8-14DB-4004-BB58-4E5544A9AD47} = {EDA18C37-90DF-4C8F-BF8C-F54483506C21}
	EndGlobalSection
EndGlobal
